<?xml version="1.0" encoding="UTF-8" standalone="yes" ?>
<CodeBlocks_project_file>
	<FileVersion major="1" minor="6" />
	<Project>
		<Option title="Trabalho_1_TP1" />
		<Option pch_mode="2" />
		<Option compiler="gcc" />
		<Build>
			<Target title="Debug">
				<Option output="bin/Debug/Trabalho_1_TP1" prefix_auto="1" extension_auto="1" />
				<Option object_output="obj/Debug/" />
				<Option type="1" />
				<Option compiler="gcc" />
				<Compiler>
					<Add option="-g" />
					<Add directory="./" />
					<Add directory="headers" />
					<Add directory="include" />
				</Compiler>
			</Target>
			<Target title="Release">
				<Option output="bin/Release/Trabalho_1_TP1" prefix_auto="1" extension_auto="1" />
				<Option object_output="obj/Release/" />
				<Option type="1" />
				<Option compiler="gcc" />
				<Compiler>
					<Add option="-O2" />
					<Add directory="./" />
					<Add directory="headers" />
					<Add directory="include" />
				</Compiler>
				<Linker>
					<Add option="-s" />
				</Linker>
			</Target>
		</Build>
		<Compiler>
			<Add option="-Wall" />
			<Add option="-fexceptions" />
		</Compiler>
		<Unit filename="Trabalho_1_TP1.cbp" />
		<Unit filename="Trabalho_1_TP1.depend" />
		<Unit filename="Trabalho_1_TP1.layout" />
		<Unit filename="bin/Debug/Trabalho_1_TP1.exe" />
		<Unit filename="cpp/ContainerUsuarios.cpp" />
		<Unit filename="cpp/ContainerViagens.cpp" />
		<Unit filename="cpp/StubServicoAutenticacao.cpp" />
		<Unit filename="cpp/dominios/Avaliacao.cpp" />
		<Unit filename="cpp/dominios/Codigo.cpp" />
		<Unit filename="cpp/dominios/Data.cpp" />
		<Unit filename="cpp/dominios/Dinheiro.cpp" />
		<Unit filename="cpp/dominios/Duracao.cpp" />
		<Unit filename="cpp/dominios/Horario.cpp" />
		<Unit filename="cpp/dominios/Nome.cpp" />
		<Unit filename="cpp/dominios/Senha.cpp" />
		<Unit filename="cpp/entidades/Atividade.cpp" />
		<Unit filename="cpp/entidades/Conta.cpp" />
		<Unit filename="cpp/entidades/Destino.cpp" />
		<Unit filename="cpp/entidades/Hospedagem.cpp" />
		<Unit filename="cpp/entidades/Viagem.cpp" />
		<Unit filename="cpp/interfaces/apresentacao/InterfaceUsuario.cpp" />
		<Unit filename="cpp/service/ServicoAutenticacao.cpp" />
		<Unit filename="cpp/service/ServicoUsuario.cpp" />
		<Unit filename="cpp/service/ServicoViagem.cpp" />
		<Unit filename="cpp/testes/dominios/TesteAvaliacao.cpp" />
		<Unit filename="cpp/testes/dominios/TesteCodigo.cpp" />
		<Unit filename="cpp/testes/dominios/TesteData.cpp" />
		<Unit filename="cpp/testes/dominios/TesteDinhero.cpp" />
		<Unit filename="cpp/testes/dominios/TesteDuracao.cpp" />
		<Unit filename="cpp/testes/dominios/TesteHorario.cpp" />
		<Unit filename="cpp/testes/dominios/TesteNome.cpp" />
		<Unit filename="cpp/testes/dominios/TesteSenha.cpp" />
		<Unit filename="cpp/testes/entidades/TesteAtividade.cpp" />
		<Unit filename="cpp/testes/entidades/TesteConta.cpp" />
		<Unit filename="cpp/testes/entidades/TesteDestino.cpp" />
		<Unit filename="cpp/testes/entidades/TesteHospedagem.cpp" />
		<Unit filename="cpp/testes/entidades/TesteViagem.cpp" />
		<Unit filename="doxygen/CMakeCache.txt" />
		<Unit filename="doxygen/CMakeFiles/cmake.check_cache" />
		<Unit filename="doxygen/doxyfile" />
		<Unit filename="doxygen/doxygen.log" />
		<Unit filename="doxygen/html/_atividade_8h_source.html" />
		<Unit filename="doxygen/html/_avaliacao_8h_source.html" />
		<Unit filename="doxygen/html/_codigo_8h_source.html" />
		<Unit filename="doxygen/html/_conta_8h_source.html" />
		<Unit filename="doxygen/html/_data_8h_source.html" />
		<Unit filename="doxygen/html/_destino_8h_source.html" />
		<Unit filename="doxygen/html/_dinheiro_8h_source.html" />
		<Unit filename="doxygen/html/_duracao_8h_source.html" />
		<Unit filename="doxygen/html/_horario_8h_source.html" />
		<Unit filename="doxygen/html/_hospedagem_8h_source.html" />
		<Unit filename="doxygen/html/_nome_8h_source.html" />
		<Unit filename="doxygen/html/_senha_8h_source.html" />
		<Unit filename="doxygen/html/_teste_atividade_8h_source.html" />
		<Unit filename="doxygen/html/_teste_avaliacao_8h_source.html" />
		<Unit filename="doxygen/html/_teste_codigo_8h_source.html" />
		<Unit filename="doxygen/html/_teste_conta_8h_source.html" />
		<Unit filename="doxygen/html/_teste_data_8h_source.html" />
		<Unit filename="doxygen/html/_teste_destino_8h_source.html" />
		<Unit filename="doxygen/html/_teste_duracao_8h_source.html" />
		<Unit filename="doxygen/html/_teste_horario_8h_source.html" />
		<Unit filename="doxygen/html/_teste_hospedagem_8h_source.html" />
		<Unit filename="doxygen/html/_teste_nome_8h_source.html" />
		<Unit filename="doxygen/html/_teste_senha_8h_source.html" />
		<Unit filename="doxygen/html/_teste_viagem_8h_source.html" />
		<Unit filename="doxygen/html/_viagem_8h_source.html" />
		<Unit filename="doxygen/html/annotated.html" />
		<Unit filename="doxygen/html/annotated_dup.js" />
		<Unit filename="doxygen/html/bc_s.png" />
		<Unit filename="doxygen/html/bc_sd.png" />
		<Unit filename="doxygen/html/class_atividade-members.html" />
		<Unit filename="doxygen/html/class_atividade.html" />
		<Unit filename="doxygen/html/class_atividade.js" />
		<Unit filename="doxygen/html/class_avaliacao-members.html" />
		<Unit filename="doxygen/html/class_avaliacao.html" />
		<Unit filename="doxygen/html/class_avaliacao.js" />
		<Unit filename="doxygen/html/class_codigo-members.html" />
		<Unit filename="doxygen/html/class_codigo.html" />
		<Unit filename="doxygen/html/class_codigo.js" />
		<Unit filename="doxygen/html/class_conta-members.html" />
		<Unit filename="doxygen/html/class_conta.html" />
		<Unit filename="doxygen/html/class_conta.js" />
		<Unit filename="doxygen/html/class_data-members.html" />
		<Unit filename="doxygen/html/class_data.html" />
		<Unit filename="doxygen/html/class_data.js" />
		<Unit filename="doxygen/html/class_destino-members.html" />
		<Unit filename="doxygen/html/class_destino.html" />
		<Unit filename="doxygen/html/class_destino.js" />
		<Unit filename="doxygen/html/class_dinheiro-members.html" />
		<Unit filename="doxygen/html/class_dinheiro.html" />
		<Unit filename="doxygen/html/class_dinheiro.js" />
		<Unit filename="doxygen/html/class_duracao-members.html" />
		<Unit filename="doxygen/html/class_duracao.html" />
		<Unit filename="doxygen/html/class_duracao.js" />
		<Unit filename="doxygen/html/class_horario-members.html" />
		<Unit filename="doxygen/html/class_horario.html" />
		<Unit filename="doxygen/html/class_horario.js" />
		<Unit filename="doxygen/html/class_hospedagem-members.html" />
		<Unit filename="doxygen/html/class_hospedagem.html" />
		<Unit filename="doxygen/html/class_hospedagem.js" />
		<Unit filename="doxygen/html/class_nome-members.html" />
		<Unit filename="doxygen/html/class_nome.html" />
		<Unit filename="doxygen/html/class_nome.js" />
		<Unit filename="doxygen/html/class_senha-members.html" />
		<Unit filename="doxygen/html/class_senha.html" />
		<Unit filename="doxygen/html/class_senha.js" />
		<Unit filename="doxygen/html/class_teste_atividade-members.html" />
		<Unit filename="doxygen/html/class_teste_atividade.html" />
		<Unit filename="doxygen/html/class_teste_atividade.js" />
		<Unit filename="doxygen/html/class_teste_avaliacao-members.html" />
		<Unit filename="doxygen/html/class_teste_avaliacao.html" />
		<Unit filename="doxygen/html/class_teste_avaliacao.js" />
		<Unit filename="doxygen/html/class_teste_codigo-members.html" />
		<Unit filename="doxygen/html/class_teste_codigo.html" />
		<Unit filename="doxygen/html/class_teste_codigo.js" />
		<Unit filename="doxygen/html/class_teste_conta-members.html" />
		<Unit filename="doxygen/html/class_teste_conta.html" />
		<Unit filename="doxygen/html/class_teste_conta.js" />
		<Unit filename="doxygen/html/class_teste_data-members.html" />
		<Unit filename="doxygen/html/class_teste_data.html" />
		<Unit filename="doxygen/html/class_teste_data.js" />
		<Unit filename="doxygen/html/class_teste_destino-members.html" />
		<Unit filename="doxygen/html/class_teste_destino.html" />
		<Unit filename="doxygen/html/class_teste_destino.js" />
		<Unit filename="doxygen/html/class_teste_duracao-members.html" />
		<Unit filename="doxygen/html/class_teste_duracao.html" />
		<Unit filename="doxygen/html/class_teste_duracao.js" />
		<Unit filename="doxygen/html/class_teste_horario-members.html" />
		<Unit filename="doxygen/html/class_teste_horario.html" />
		<Unit filename="doxygen/html/class_teste_horario.js" />
		<Unit filename="doxygen/html/class_teste_hospedagem-members.html" />
		<Unit filename="doxygen/html/class_teste_hospedagem.html" />
		<Unit filename="doxygen/html/class_teste_hospedagem.js" />
		<Unit filename="doxygen/html/class_teste_nome-members.html" />
		<Unit filename="doxygen/html/class_teste_nome.html" />
		<Unit filename="doxygen/html/class_teste_nome.js" />
		<Unit filename="doxygen/html/class_teste_senha-members.html" />
		<Unit filename="doxygen/html/class_teste_senha.html" />
		<Unit filename="doxygen/html/class_teste_senha.js" />
		<Unit filename="doxygen/html/class_teste_viagem-members.html" />
		<Unit filename="doxygen/html/class_teste_viagem.html" />
		<Unit filename="doxygen/html/class_teste_viagem.js" />
		<Unit filename="doxygen/html/class_viagem-members.html" />
		<Unit filename="doxygen/html/class_viagem.html" />
		<Unit filename="doxygen/html/class_viagem.js" />
		<Unit filename="doxygen/html/classes.html" />
		<Unit filename="doxygen/html/clipboard.js" />
		<Unit filename="doxygen/html/closed.png" />
		<Unit filename="doxygen/html/cookie.js" />
		<Unit filename="doxygen/html/dir_12b6d50ebb802523b97d7d16435591c5.html" />
		<Unit filename="doxygen/html/dir_18f6d90e3a4dad7b8bcb1b4f45427270.html" />
		<Unit filename="doxygen/html/dir_18f6d90e3a4dad7b8bcb1b4f45427270.js" />
		<Unit filename="doxygen/html/dir_2903630217656d9dc9eeac4fe0d93c70.html" />
		<Unit filename="doxygen/html/dir_2903630217656d9dc9eeac4fe0d93c70.js" />
		<Unit filename="doxygen/html/dir_897771391219ea9f3befb04b28d47a8f.html" />
		<Unit filename="doxygen/html/dir_897771391219ea9f3befb04b28d47a8f.js" />
		<Unit filename="doxygen/html/dir_9cda8758d21ad8476536da70d9d400c1.html" />
		<Unit filename="doxygen/html/dir_b6fe58feaf6db8197458bb99298aea1c.html" />
		<Unit filename="doxygen/html/dir_b6fe58feaf6db8197458bb99298aea1c.js" />
		<Unit filename="doxygen/html/dir_ba402e0d02d0306ae58d3573fcf7e1c1.html" />
		<Unit filename="doxygen/html/dir_bf6863a26e002200951e97e4c339a032.html" />
		<Unit filename="doxygen/html/dir_c0d10a41af149a1d0f636d2d65cacec0.html" />
		<Unit filename="doxygen/html/dir_c0d10a41af149a1d0f636d2d65cacec0.js" />
		<Unit filename="doxygen/html/dir_d44c64559bbebec7f509842c48db8b23.html" />
		<Unit filename="doxygen/html/dir_d44c64559bbebec7f509842c48db8b23.js" />
		<Unit filename="doxygen/html/dir_d7bace64c5836b5b09cef7772cdf84f3.html" />
		<Unit filename="doxygen/html/dir_df511e5bd85cec96854b39d5e1c27aa8.html" />
		<Unit filename="doxygen/html/doc.svg" />
		<Unit filename="doxygen/html/docd.svg" />
		<Unit filename="doxygen/html/doxygen.css" />
		<Unit filename="doxygen/html/doxygen.svg" />
		<Unit filename="doxygen/html/doxygen_crawl.html" />
		<Unit filename="doxygen/html/dynsections.js" />
		<Unit filename="doxygen/html/files.html" />
		<Unit filename="doxygen/html/files_dup.js" />
		<Unit filename="doxygen/html/folderclosed.svg" />
		<Unit filename="doxygen/html/folderclosedd.svg" />
		<Unit filename="doxygen/html/folderopen.svg" />
		<Unit filename="doxygen/html/folderopend.svg" />
		<Unit filename="doxygen/html/functions.html" />
		<Unit filename="doxygen/html/functions_func.html" />
		<Unit filename="doxygen/html/functions_vars.html" />
		<Unit filename="doxygen/html/index.html" />
		<Unit filename="doxygen/html/jquery.js" />
		<Unit filename="doxygen/html/menu.js" />
		<Unit filename="doxygen/html/menudata.js" />
		<Unit filename="doxygen/html/minus.svg" />
		<Unit filename="doxygen/html/minusd.svg" />
		<Unit filename="doxygen/html/nav_f.png" />
		<Unit filename="doxygen/html/nav_fd.png" />
		<Unit filename="doxygen/html/nav_g.png" />
		<Unit filename="doxygen/html/nav_h.png" />
		<Unit filename="doxygen/html/nav_hd.png" />
		<Unit filename="doxygen/html/navtree.css" />
		<Unit filename="doxygen/html/navtree.js" />
		<Unit filename="doxygen/html/navtreedata.js" />
		<Unit filename="doxygen/html/navtreeindex0.js" />
		<Unit filename="doxygen/html/open.png" />
		<Unit filename="doxygen/html/plus.svg" />
		<Unit filename="doxygen/html/plusd.svg" />
		<Unit filename="doxygen/html/resize.js" />
		<Unit filename="doxygen/html/search/all_0.js" />
		<Unit filename="doxygen/html/search/all_1.js" />
		<Unit filename="doxygen/html/search/all_2.js" />
		<Unit filename="doxygen/html/search/all_3.js" />
		<Unit filename="doxygen/html/search/all_4.js" />
		<Unit filename="doxygen/html/search/all_5.js" />
		<Unit filename="doxygen/html/search/all_6.js" />
		<Unit filename="doxygen/html/search/all_7.js" />
		<Unit filename="doxygen/html/search/all_8.js" />
		<Unit filename="doxygen/html/search/all_9.js" />
		<Unit filename="doxygen/html/search/classes_0.js" />
		<Unit filename="doxygen/html/search/classes_1.js" />
		<Unit filename="doxygen/html/search/classes_2.js" />
		<Unit filename="doxygen/html/search/classes_3.js" />
		<Unit filename="doxygen/html/search/classes_4.js" />
		<Unit filename="doxygen/html/search/classes_5.js" />
		<Unit filename="doxygen/html/search/classes_6.js" />
		<Unit filename="doxygen/html/search/classes_7.js" />
		<Unit filename="doxygen/html/search/close.svg" />
		<Unit filename="doxygen/html/search/functions_0.js" />
		<Unit filename="doxygen/html/search/functions_1.js" />
		<Unit filename="doxygen/html/search/functions_2.js" />
		<Unit filename="doxygen/html/search/functions_3.js" />
		<Unit filename="doxygen/html/search/functions_4.js" />
		<Unit filename="doxygen/html/search/functions_5.js" />
		<Unit filename="doxygen/html/search/functions_6.js" />
		<Unit filename="doxygen/html/search/mag.svg" />
		<Unit filename="doxygen/html/search/mag_d.svg" />
		<Unit filename="doxygen/html/search/mag_sel.svg" />
		<Unit filename="doxygen/html/search/mag_seld.svg" />
		<Unit filename="doxygen/html/search/pages_0.js" />
		<Unit filename="doxygen/html/search/pages_1.js" />
		<Unit filename="doxygen/html/search/pages_2.js" />
		<Unit filename="doxygen/html/search/pages_3.js" />
		<Unit filename="doxygen/html/search/search.css" />
		<Unit filename="doxygen/html/search/search.js" />
		<Unit filename="doxygen/html/search/searchdata.js" />
		<Unit filename="doxygen/html/search/variables_0.js" />
		<Unit filename="doxygen/html/splitbar.png" />
		<Unit filename="doxygen/html/splitbard.png" />
		<Unit filename="doxygen/html/sync_off.png" />
		<Unit filename="doxygen/html/sync_on.png" />
		<Unit filename="doxygen/html/tab_a.png" />
		<Unit filename="doxygen/html/tab_ad.png" />
		<Unit filename="doxygen/html/tab_b.png" />
		<Unit filename="doxygen/html/tab_bd.png" />
		<Unit filename="doxygen/html/tab_h.png" />
		<Unit filename="doxygen/html/tab_hd.png" />
		<Unit filename="doxygen/html/tab_s.png" />
		<Unit filename="doxygen/html/tab_sd.png" />
		<Unit filename="doxygen/html/tabs.css" />
		<Unit filename="include/Container.h" />
		<Unit filename="include/ContainerUsuario.h" />
		<Unit filename="include/ContainerViagens.h" />
		<Unit filename="include/StubServicoAutenticacao.h" />
		<Unit filename="include/controllers/Controlador" />
		<Unit filename="include/controllers/ControladorAutenticacao.h" />
		<Unit filename="include/controllers/ControladorViagem.h" />
		<Unit filename="include/dominios/Avaliacao.h" />
		<Unit filename="include/dominios/Codigo.h" />
		<Unit filename="include/dominios/Data.h" />
		<Unit filename="include/dominios/Dinheiro.h" />
		<Unit filename="include/dominios/Duracao.h" />
		<Unit filename="include/dominios/Horario.h" />
		<Unit filename="include/dominios/Nome.h" />
		<Unit filename="include/dominios/Senha.h" />
		<Unit filename="include/entidades/Atividade.h" />
		<Unit filename="include/entidades/Conta.h" />
		<Unit filename="include/entidades/Destino.h" />
		<Unit filename="include/entidades/Hospedagem.h" />
		<Unit filename="include/entidades/Viagem.h" />
		<Unit filename="include/interfaces/IServicoAutenticacao.h" />
		<Unit filename="include/interfaces/IServicoViagem.h" />
		<Unit filename="include/interfaces/apresentacao/InterfaceUsuario.h" />
		<Unit filename="include/obj/Debug/Codigo.o" />
		<Unit filename="include/obj/Debug/Conta.o" />
		<Unit filename="include/obj/Debug/headers/Senha.o" />
		<Unit filename="include/obj/Debug/main.o" />
		<Unit filename="include/service/ServicoAutenticacao.h" />
		<Unit filename="include/service/ServicoUsuario.h" />
		<Unit filename="include/service/ServicoViagem.h" />
		<Unit filename="include/testes/dominios/TesteAvaliacao.h" />
		<Unit filename="include/testes/dominios/TesteCodigo.h" />
		<Unit filename="include/testes/dominios/TesteData.h" />
		<Unit filename="include/testes/dominios/TesteDinheiro.h" />
		<Unit filename="include/testes/dominios/TesteDinhero.h" />
		<Unit filename="include/testes/dominios/TesteDuracao.h" />
		<Unit filename="include/testes/dominios/TesteHorario.h" />
		<Unit filename="include/testes/dominios/TesteNome.h" />
		<Unit filename="include/testes/dominios/TesteSenha.h" />
		<Unit filename="include/testes/entidades/TesteAtividade.h" />
		<Unit filename="include/testes/entidades/TesteConta.h" />
		<Unit filename="include/testes/entidades/TesteDestino.h" />
		<Unit filename="include/testes/entidades/TesteHospedagem.h" />
		<Unit filename="include/testes/entidades/TesteViagem.h" />
		<Unit filename="main.cpp" />
		<Unit filename="obj/Debug/cpp/dominios/Avaliacao.o" />
		<Unit filename="obj/Debug/cpp/dominios/Codigo.o" />
		<Unit filename="obj/Debug/cpp/dominios/Data.o" />
		<Unit filename="obj/Debug/cpp/dominios/Dinheiro.o" />
		<Unit filename="obj/Debug/cpp/dominios/Duracao.o" />
		<Unit filename="obj/Debug/cpp/dominios/Horario.o" />
		<Unit filename="obj/Debug/cpp/dominios/Nome.o" />
		<Unit filename="obj/Debug/cpp/dominios/Senha.o" />
		<Unit filename="obj/Debug/cpp/entidades/Atividade.o" />
		<Unit filename="obj/Debug/cpp/entidades/Conta.o" />
		<Unit filename="obj/Debug/cpp/entidades/Destino.o" />
		<Unit filename="obj/Debug/cpp/entidades/Hospedagem.o" />
		<Unit filename="obj/Debug/cpp/entidades/Viagem.o" />
		<Unit filename="obj/Debug/cpp/testes/dominios/TesteAvaliacao.o" />
		<Unit filename="obj/Debug/cpp/testes/dominios/TesteCodigo.o" />
		<Unit filename="obj/Debug/cpp/testes/dominios/TesteData.o" />
		<Unit filename="obj/Debug/cpp/testes/dominios/TesteDinhero.o" />
		<Unit filename="obj/Debug/cpp/testes/dominios/TesteDuracao.o" />
		<Unit filename="obj/Debug/cpp/testes/dominios/TesteHorario.o" />
		<Unit filename="obj/Debug/cpp/testes/dominios/TesteNome.o" />
		<Unit filename="obj/Debug/cpp/testes/dominios/TesteSenha.o" />
		<Unit filename="obj/Debug/cpp/testes/entidades/TesteAtividade.o" />
		<Unit filename="obj/Debug/cpp/testes/entidades/TesteConta.o" />
		<Unit filename="obj/Debug/cpp/testes/entidades/TesteDestino.o" />
		<Unit filename="obj/Debug/cpp/testes/entidades/TesteHospedagem.o" />
		<Unit filename="obj/Debug/cpp/testes/entidades/TesteViagem.o" />
		<Unit filename="obj/Debug/main.o" />
		<Unit filename="obj/Release/cpp/ContainerUsuarios.o" />
		<Unit filename="obj/Release/cpp/ContainerViagens.o" />
		<Unit filename="obj/Release/cpp/StubServicoAutenticacao.o" />
		<Unit filename="obj/Release/cpp/dominios/Avaliacao.o" />
		<Unit filename="obj/Release/cpp/dominios/Codigo.o" />
		<Unit filename="obj/Release/cpp/dominios/Data.o" />
		<Unit filename="obj/Release/cpp/dominios/Dinheiro.o" />
		<Unit filename="obj/Release/cpp/dominios/Duracao.o" />
		<Unit filename="obj/Release/cpp/dominios/Horario.o" />
		<Unit filename="obj/Release/cpp/dominios/Nome.o" />
		<Unit filename="obj/Release/cpp/dominios/Senha.o" />
		<Unit filename="obj/Release/cpp/entidades/Atividade.o" />
		<Unit filename="obj/Release/cpp/entidades/Conta.o" />
		<Unit filename="obj/Release/cpp/entidades/Destino.o" />
		<Unit filename="obj/Release/cpp/entidades/Hospedagem.o" />
		<Unit filename="obj/Release/cpp/entidades/Viagem.o" />
		<Unit filename="obj/Release/cpp/interfaces/apresentacao/InterfaceUsuario.o" />
		<Unit filename="obj/Release/cpp/service/ServicoAutenticacao.o" />
		<Unit filename="obj/Release/cpp/service/ServicoViagem.o" />
		<Unit filename="obj/Release/cpp/testes/dominios/TesteAvaliacao.o" />
		<Unit filename="obj/Release/cpp/testes/dominios/TesteCodigo.o" />
		<Unit filename="obj/Release/cpp/testes/dominios/TesteData.o" />
		<Unit filename="obj/Release/cpp/testes/dominios/TesteDinhero.o" />
		<Unit filename="obj/Release/cpp/testes/dominios/TesteDuracao.o" />
		<Unit filename="obj/Release/cpp/testes/dominios/TesteHorario.o" />
		<Unit filename="obj/Release/cpp/testes/dominios/TesteNome.o" />
		<Unit filename="obj/Release/cpp/testes/dominios/TesteSenha.o" />
		<Unit filename="obj/Release/cpp/testes/entidades/TesteAtividade.o" />
		<Unit filename="obj/Release/cpp/testes/entidades/TesteConta.o" />
		<Unit filename="obj/Release/cpp/testes/entidades/TesteDestino.o" />
		<Unit filename="obj/Release/cpp/testes/entidades/TesteHospedagem.o" />
		<Unit filename="obj/Release/cpp/testes/entidades/TesteViagem.o" />
		<Unit filename="obj/Release/main.o" />
		<Extensions>
			<DoxyBlocks>
				<comment_style block="2" line="2" />
				<doxyfile_project output_language="Portuguese" />
				<doxyfile_build />
				<doxyfile_warnings />
				<doxyfile_output />
				<doxyfile_dot />
				<general use_at_in_tags="1" />
			</DoxyBlocks>
			<lib_finder disable_auto="1" />
		</Extensions>
	</Project>
</CodeBlocks_project_file>
